
Microsoft Visual Studio Solution File, Format Version 12.00
# Visual Studio Version 17
VisualStudioVersion = 17.0.32126.317
MinimumVisualStudioVersion = 10.0.40219.1
Project("{FAE04EC0-301F-11D3-BF4B-00C04F79EFBC}") = "RestApiBookCatalog", "RestApiBookCatalog\RestApiBookCatalog.csproj", "{6277785D-C30F-45D0-A2C7-B76F56ABD531}"
EndProject
Global
	GlobalSection(SolutionConfigurationPlatforms) = preSolution
		Debug|Any CPU = Debug|Any CPU
		Release|Any CPU = Release|Any CPU
	EndGlobalSection
	GlobalSection(ProjectConfigurationPlatforms) = postSolution
		{6277785D-C30F-45D0-A2C7-B76F56ABD531}.Debug|Any CPU.ActiveCfg = Debug|Any CPU
		{6277785D-C30F-45D0-A2C7-B76F56ABD531}.Debug|Any CPU.Build.0 = Debug|Any CPU
		{6277785D-C30F-45D0-A2C7-B76F56ABD531}.Release|Any CPU.ActiveCfg = Release|Any CPU
		{6277785D-C30F-45D0-A2C7-B76F56ABD531}.Release|Any CPU.Build.0 = Release|Any CPU
	EndGlobalSection
	GlobalSection(SolutionProperties) = preSolution
		HideSolutionNode = FALSE
	EndGlobalSection
	GlobalSection(ExtensibilityGlobals) = postSolution
		SolutionGuid = {4CF2C84C-8BC5-4BBE-BFA3-392A3485FDC2}
	EndGlobalSection
EndGlobal
